{
  "name": "project-2-repo",
  "lockfileVersion": 2,
  "requires": true,
  "packages": {
    "": {
      "dependencies": {
        "helmet": "^6.1.1"
      }
    },
    "node_modules/helmet": {
      "version": "6.1.1",
      "resolved": "https://registry.npmjs.org/helmet/-/helmet-6.1.1.tgz",
      "integrity": "sha512-+lpiPR2U5Z9gZnJiLEhK+ta7Z+NSbWyyQCdOP051T8vpPOfd4I5p66cdTgt5hsRXYbJjWNwmga3zjwTHr2rSpw==",
      "engines": {
        "node": ">=14.0.0"
      }
    }
  },
  "dependencies": {
    "helmet": {
      "version": "6.1.1",
      "resolved": "https://registry.npmjs.org/helmet/-/helmet-6.1.1.tgz",
      "integrity": "sha512-+lpiPR2U5Z9gZnJiLEhK+ta7Z+NSbWyyQCdOP051T8vpPOfd4I5p66cdTgt5hsRXYbJjWNwmga3zjwTHr2rSpw=="
    }
  }
}
